Microsoft Visual Studio Solution File, Format Version 12.00
# Visual Studio Version 17
VisualStudioVersion = 17.5.2.0
MinimumVisualStudioVersion = 10.0.40219.1
Project("{FAE04EC0-301F-11D3-BF4B-00C04F79EFBC}") = "RecruitmentAgency.Web", "RecruitmentAgency.Web.csproj", "{25DE82B4-CEBD-F754-9BB1-00369FBC173E}"
EndProject
Global
	GlobalSection(SolutionConfigurationPlatforms) = preSolution
		Debug|Any CPU = Debug|Any CPU
		Release|Any CPU = Release|Any CPU
	EndGlobalSection
	GlobalSection(ProjectConfigurationPlatforms) = postSolution
		{25DE82B4-CEBD-F754-9BB1-00369FBC173E}.Debug|Any CPU.ActiveCfg = Debug|Any CPU
		{25DE82B4-CEBD-F754-9BB1-00369FBC173E}.Debug|Any CPU.Build.0 = Debug|Any CPU
		{25DE82B4-CEBD-F754-9BB1-00369FBC173E}.Release|Any CPU.ActiveCfg = Release|Any CPU
		{25DE82B4-CEBD-F754-9BB1-00369FBC173E}.Release|Any CPU.Build.0 = Release|Any CPU
	EndGlobalSection
	GlobalSection(SolutionProperties) = preSolution
		HideSolutionNode = FALSE
	EndGlobalSection
	GlobalSection(ExtensibilityGlobals) = postSolution
		SolutionGuid = {B403CE35-075A-46CF-8627-9C2065FE4CF6}
	EndGlobalSection
EndGlobal
